
Microsoft Visual Studio Solution File, Format Version 12.00
# Visual Studio Version 17
VisualStudioVersion = 17.11.35219.272
MinimumVisualStudioVersion = 10.0.40219.1
Project("{FAE04EC0-301F-11D3-BF4B-00C04F79EFBC}") = "ConsoleApp1", "ConsoleApp1\ConsoleApp1.csproj", "{4BF2792E-6ED6-465C-8EAE-4B150DB6701A}"
EndProject
Global
	GlobalSection(SolutionConfigurationPlatforms) = preSolution
		Debug|Any CPU = Debug|Any CPU
		Release|Any CPU = Release|Any CPU
	EndGlobalSection
	GlobalSection(ProjectConfigurationPlatforms) = postSolution
		{4BF2792E-6ED6-465C-8EAE-4B150DB6701A}.Debug|Any CPU.ActiveCfg = Debug|Any CPU
		{4BF2792E-6ED6-465C-8EAE-4B150DB6701A}.Debug|Any CPU.Build.0 = Debug|Any CPU
		{4BF2792E-6ED6-465C-8EAE-4B150DB6701A}.Release|Any CPU.ActiveCfg = Release|Any CPU
		{4BF2792E-6ED6-465C-8EAE-4B150DB6701A}.Release|Any CPU.Build.0 = Release|Any CPU
	EndGlobalSection
	GlobalSection(SolutionProperties) = preSolution
		HideSolutionNode = FALSE
	EndGlobalSection
	GlobalSection(ExtensibilityGlobals) = postSolution
		SolutionGuid = {B6E4DDB5-ABDC-4AA2-BDDF-F12934EDDD98}
	EndGlobalSection
EndGlobal
